
Microsoft Visual Studio Solution File, Format Version 12.00
# Visual Studio Version 16
VisualStudioVersion = 16.0.33423.256
MinimumVisualStudioVersion = 10.0.40219.1
Project("{FAE04EC0-301F-11D3-BF4B-00C04F79EFBC}") = "WebAppTutorial", "WebAppTutorial\WebAppTutorial.csproj", "{AE859E3E-6D69-4C71-B872-E94BE7DECAB7}"
EndProject
Global
	GlobalSection(SolutionConfigurationPlatforms) = preSolution
		Debug|Any CPU = Debug|Any CPU
		Release|Any CPU = Release|Any CPU
	EndGlobalSection
	GlobalSection(ProjectConfigurationPlatforms) = postSolution
		{AE859E3E-6D69-4C71-B872-E94BE7DECAB7}.Debug|Any CPU.ActiveCfg = Debug|Any CPU
		{AE859E3E-6D69-4C71-B872-E94BE7DECAB7}.Debug|Any CPU.Build.0 = Debug|Any CPU
		{AE859E3E-6D69-4C71-B872-E94BE7DECAB7}.Release|Any CPU.ActiveCfg = Release|Any CPU
		{AE859E3E-6D69-4C71-B872-E94BE7DECAB7}.Release|Any CPU.Build.0 = Release|Any CPU
	EndGlobalSection
	GlobalSection(SolutionProperties) = preSolution
		HideSolutionNode = FALSE
	EndGlobalSection
	GlobalSection(ExtensibilityGlobals) = postSolution
		SolutionGuid = {690421DD-240A-43C5-B3A6-201C4F22AE4C}
	EndGlobalSection
EndGlobal
